
Microsoft Visual Studio Solution File, Format Version 12.00
# Visual Studio Version 17
VisualStudioVersion = 17.10.35027.167
MinimumVisualStudioVersion = 10.0.40219.1
Project("{9A19103F-16F7-4668-BE54-9A1E7A4F7556}") = "SlapshotCustomServers", "Servers\SlapshotCustomServers.csproj", "{5797AE7D-D068-40D5-BC7A-609C11325DEA}"
EndProject
Project("{9A19103F-16F7-4668-BE54-9A1E7A4F7556}") = "SlapshotCustomClients", "Clients\SlapshotCustomClients.csproj", "{23E3199E-2B6A-4C82-9731-9A4BEB35B7B7}"
EndProject
Project("{9A19103F-16F7-4668-BE54-9A1E7A4F7556}") = "Packets", "Packets\Packets.csproj", "{96F72E89-78F0-4595-B2AD-6D4783E23A70}"
EndProject
Global
	GlobalSection(SolutionConfigurationPlatforms) = preSolution
		Debug|Any CPU = Debug|Any CPU
		Release|Any CPU = Release|Any CPU
	EndGlobalSection
	GlobalSection(ProjectConfigurationPlatforms) = postSolution
		{5797AE7D-D068-40D5-BC7A-609C11325DEA}.Debug|Any CPU.ActiveCfg = Debug|Any CPU
		{5797AE7D-D068-40D5-BC7A-609C11325DEA}.Debug|Any CPU.Build.0 = Debug|Any CPU
		{5797AE7D-D068-40D5-BC7A-609C11325DEA}.Release|Any CPU.ActiveCfg = Release|Any CPU
		{5797AE7D-D068-40D5-BC7A-609C11325DEA}.Release|Any CPU.Build.0 = Release|Any CPU
		{23E3199E-2B6A-4C82-9731-9A4BEB35B7B7}.Debug|Any CPU.ActiveCfg = Debug|Any CPU
		{23E3199E-2B6A-4C82-9731-9A4BEB35B7B7}.Debug|Any CPU.Build.0 = Debug|Any CPU
		{23E3199E-2B6A-4C82-9731-9A4BEB35B7B7}.Release|Any CPU.ActiveCfg = Release|Any CPU
		{23E3199E-2B6A-4C82-9731-9A4BEB35B7B7}.Release|Any CPU.Build.0 = Release|Any CPU
		{96F72E89-78F0-4595-B2AD-6D4783E23A70}.Debug|Any CPU.ActiveCfg = Debug|Any CPU
		{96F72E89-78F0-4595-B2AD-6D4783E23A70}.Debug|Any CPU.Build.0 = Debug|Any CPU
		{96F72E89-78F0-4595-B2AD-6D4783E23A70}.Release|Any CPU.ActiveCfg = Release|Any CPU
		{96F72E89-78F0-4595-B2AD-6D4783E23A70}.Release|Any CPU.Build.0 = Release|Any CPU
	EndGlobalSection
	GlobalSection(SolutionProperties) = preSolution
		HideSolutionNode = FALSE
	EndGlobalSection
	GlobalSection(ExtensibilityGlobals) = postSolution
		SolutionGuid = {C50DD89E-9A33-4255-A770-0DEBF6A121CA}
	EndGlobalSection
EndGlobal
